// !$*UTF8*$!
{
	archiveVersion = 1;
	classes = {
	};
	objectVersion = 50;
	objects = {

/* Begin PBXBuildFile section */
		7C14915026B715AC005C6B06 /* Company.swift in Sources */ = {isa = PBXBuildFile; fileRef = 7C14914F26B715AC005C6B06 /* Company.swift */; };
		7C2E42A126B8399B0057DFB3 /* NetworkManager.swift in Sources */ = {isa = PBXBuildFile; fileRef = 7C2E42A026B8399B0057DFB3 /* NetworkManager.swift */; };
		7C57CFAC25ED559F00F682C1 /* AppDelegate.swift in Sources */ = {isa = PBXBuildFile; fileRef = 7C57CFAB25ED559F00F682C1 /* AppDelegate.swift */; };
		7C57CFAE25ED559F00F682C1 /* SceneDelegate.swift in Sources */ = {isa = PBXBuildFile; fileRef = 7C57CFAD25ED559F00F682C1 /* SceneDelegate.swift */; };
		7C57CFB325ED559F00F682C1 /* Main.storyboard in Resources */ = {isa = PBXBuildFile; fileRef = 7C57CFB125ED559F00F682C1 /* Main.storyboard */; };
		7C57CFB525ED55A500F682C1 /* Assets.xcassets in Resources */ = {isa = PBXBuildFile; fileRef = 7C57CFB425ED55A500F682C1 /* Assets.xcassets */; };
		7C57CFB825ED55A500F682C1 /* LaunchScreen.storyboard in Resources */ = {isa = PBXBuildFile; fileRef = 7C57CFB625ED55A500F682C1 /* LaunchScreen.storyboard */; };
		7C5C30EB25EEA91F008333EB /* CompanyListViewController.swift in Sources */ = {isa = PBXBuildFile; fileRef = 7C5C30EA25EEA91F008333EB /* CompanyListViewController.swift */; };
		7C8E5F99273ED8B900484278 /* Constants.swift in Sources */ = {isa = PBXBuildFile; fileRef = 7C8E5F98273ED8B900484278 /* Constants.swift */; };
		7C8E5F9E274055D300484278 /* CompanyDetailsViewController.swift in Sources */ = {isa = PBXBuildFile; fileRef = 7C8E5F9D274055D300484278 /* CompanyDetailsViewController.swift */; };
		7C8E5FA327427D3100484278 /* MapViewController.swift in Sources */ = {isa = PBXBuildFile; fileRef = 7C8E5FA227427D3000484278 /* MapViewController.swift */; };
/* End PBXBuildFile section */

/* Begin PBXFileReference section */
		7C14914F26B715AC005C6B06 /* Company.swift */ = {isa = PBXFileReference; lastKnownFileType = sourcecode.swift; path = Company.swift; sourceTree = "<group>"; };
		7C2E42A026B8399B0057DFB3 /* NetworkManager.swift */ = {isa = PBXFileReference; lastKnownFileType = sourcecode.swift; path = NetworkManager.swift; sourceTree = "<group>"; };
		7C57CFA825ED559F00F682C1 /* ProfileApp.app */ = {isa = PBXFileReference; explicitFileType = wrapper.application; includeInIndex = 0; path = ProfileApp.app; sourceTree = BUILT_PRODUCTS_DIR; };
		7C57CFAB25ED559F00F682C1 /* AppDelegate.swift */ = {isa = PBXFileReference; lastKnownFileType = sourcecode.swift; path = AppDelegate.swift; sourceTree = "<group>"; };
		7C57CFAD25ED559F00F682C1 /* SceneDelegate.swift */ = {isa = PBXFileReference; lastKnownFileType = sourcecode.swift; path = SceneDelegate.swift; sourceTree = "<group>"; };
		7C57CFB225ED559F00F682C1 /* Base */ = {isa = PBXFileReference; lastKnownFileType = file.storyboard; name = Base; path = Base.lproj/Main.storyboard; sourceTree = "<group>"; };
		7C57CFB425ED55A500F682C1 /* Assets.xcassets */ = {isa = PBXFileReference; lastKnownFileType = folder.assetcatalog; path = Assets.xcassets; sourceTree = "<group>"; };
		7C57CFB725ED55A500F682C1 /* Base */ = {isa = PBXFileReference; lastKnownFileType = file.storyboard; name = Base; path = Base.lproj/LaunchScreen.storyboard; sourceTree = "<group>"; };
		7C57CFB925ED55A500F682C1 /* Info.plist */ = {isa = PBXFileReference; lastKnownFileType = text.plist.xml; path = Info.plist; sourceTree = "<group>"; };
		7C5C30EA25EEA91F008333EB /* CompanyListViewController.swift */ = {isa = PBXFileReference; lastKnownFileType = sourcecode.swift; path = CompanyListViewController.swift; sourceTree = "<group>"; };
		7C8E5F98273ED8B900484278 /* Constants.swift */ = {isa = PBXFileReference; lastKnownFileType = sourcecode.swift; path = Constants.swift; sourceTree = "<group>"; };
		7C8E5F9D274055D300484278 /* CompanyDetailsViewController.swift */ = {isa = PBXFileReference; lastKnownFileType = sourcecode.swift; path = CompanyDetailsViewController.swift; sourceTree = "<group>"; };
		7C8E5FA227427D3000484278 /* MapViewController.swift */ = {isa = PBXFileReference; lastKnownFileType = sourcecode.swift; path = MapViewController.swift; sourceTree = "<group>"; };
/* End PBXFileReference section */

/* Begin PBXFrameworksBuildPhase section */
		7C57CFA525ED559F00F682C1 /* Frameworks */ = {
			isa = PBXFrameworksBuildPhase;
			buildActionMask = 2147483647;
			files = (
			);
			runOnlyForDeploymentPostprocessing = 0;
		};
/* End PBXFrameworksBuildPhase section */

/* Begin PBXGroup section */
		7C57CF9F25ED559F00F682C1 = {
			isa = PBXGroup;
			children = (
				7C57CFAA25ED559F00F682C1 /* ProfileApp */,
				7C57CFA925ED559F00F682C1 /* Products */,
			);
			sourceTree = "<group>";
		};
		7C57CFA925ED559F00F682C1 /* Products */ = {
			isa = PBXGroup;
			children = (
				7C57CFA825ED559F00F682C1 /* ProfileApp.app */,
			);
			name = Products;
			sourceTree = "<group>";
		};
		7C57CFAA25ED559F00F682C1 /* ProfileApp */ = {
			isa = PBXGroup;
			children = (
				7C8E5F97273ED89500484278 /* Constants */,
				7CC06AAC25ED93B900CB6ADB /* Models */,
				7CC06AB025ED940F00CB6ADB /* Service */,
				7C5C30E425EEA895008333EB /* ViewControllers */,
				7CA0C8A625EEC438005B5B1D /* Storyboards */,
				7C8E5F9A273EF17400484278 /* Resources */,
				7CA0C8A525EEC417005B5B1D /* SupportingFiles */,
				7C57CFB925ED55A500F682C1 /* Info.plist */,
			);
			path = ProfileApp;
			sourceTree = "<group>";
		};
		7C5C30E425EEA895008333EB /* ViewControllers */ = {
			isa = PBXGroup;
			children = (
				7C5C30EA25EEA91F008333EB /* CompanyListViewController.swift */,
				7C8E5F9D274055D300484278 /* CompanyDetailsViewController.swift */,
				7C8E5FA227427D3000484278 /* MapViewController.swift */,
			);
			path = ViewControllers;
			sourceTree = "<group>";
		};
		7C8E5F97273ED89500484278 /* Constants */ = {
			isa = PBXGroup;
			children = (
				7C8E5F98273ED8B900484278 /* Constants.swift */,
			);
			path = Constants;
			sourceTree = "<group>";
		};
		7C8E5F9A273EF17400484278 /* Resources */ = {
			isa = PBXGroup;
			children = (
				7C57CFB425ED55A500F682C1 /* Assets.xcassets */,
			);
			path = Resources;
			sourceTree = "<group>";
		};
		7CA0C8A525EEC417005B5B1D /* SupportingFiles */ = {
			isa = PBXGroup;
			children = (
				7C57CFAB25ED559F00F682C1 /* AppDelegate.swift */,
				7C57CFAD25ED559F00F682C1 /* SceneDelegate.swift */,
			);
			path = SupportingFiles;
			sourceTree = "<group>";
		};
		7CA0C8A625EEC438005B5B1D /* Storyboards */ = {
			isa = PBXGroup;
			children = (
				7C57CFB125ED559F00F682C1 /* Main.storyboard */,
				7C57CFB625ED55A500F682C1 /* LaunchScreen.storyboard */,
			);
			path = Storyboards;
			sourceTree = "<group>";
		};
		7CC06AAC25ED93B900CB6ADB /* Models */ = {
			isa = PBXGroup;
			children = (
				7C14914F26B715AC005C6B06 /* Company.swift */,
			);
			path = Models;
			sourceTree = "<group>";
		};
		7CC06AB025ED940F00CB6ADB /* Service */ = {
			isa = PBXGroup;
			children = (
				7C2E42A026B8399B0057DFB3 /* NetworkManager.swift */,
			);
			path = Service;
			sourceTree = "<group>";
		};
/* End PBXGroup section */

/* Begin PBXNativeTarget section */
		7C57CFA725ED559F00F682C1 /* ProfileApp */ = {
			isa = PBXNativeTarget;
			buildConfigurationList = 7C57CFBC25ED55A500F682C1 /* Build configuration list for PBXNativeTarget "ProfileApp" */;
			buildPhases = (
				7C57CFA425ED559F00F682C1 /* Sources */,
				7C57CFA525ED559F00F682C1 /* Frameworks */,
				7C57CFA625ED559F00F682C1 /* Resources */,
			);
			buildRules = (
			);
			dependencies = (
			);
			name = ProfileApp;
			productName = ProfileApp;
			productReference = 7C57CFA825ED559F00F682C1 /* ProfileApp.app */;
			productType = "com.apple.product-type.application";
		};
/* End PBXNativeTarget section */

/* Begin PBXProject section */
		7C57CFA025ED559F00F682C1 /* Project object */ = {
			isa = PBXProject;
			attributes = {
				LastSwiftUpdateCheck = 1240;
				LastUpgradeCheck = 1240;
				TargetAttributes = {
					7C57CFA725ED559F00F682C1 = {
						CreatedOnToolsVersion = 12.4;
					};
				};
			};
			buildConfigurationList = 7C57CFA325ED559F00F682C1 /* Build configuration list for PBXProject "ProfileApp" */;
			compatibilityVersion = "Xcode 9.3";
			developmentRegion = en;
			hasScannedForEncodings = 0;
			knownRegions = (
				en,
				Base,
			);
			mainGroup = 7C57CF9F25ED559F00F682C1;
			productRefGroup = 7C57CFA925ED559F00F682C1 /* Products */;
			projectDirPath = "";
			projectRoot = "";
			targets = (
				7C57CFA725ED559F00F682C1 /* ProfileApp */,
			);
		};
/* End PBXProject section */

/* Begin PBXResourcesBuildPhase section */
		7C57CFA625ED559F00F682C1 /* Resources */ = {
			isa = PBXResourcesBuildPhase;
			buildActionMask = 2147483647;
			files = (
				7C57CFB825ED55A500F682C1 /* LaunchScreen.storyboard in Resources */,
				7C57CFB525ED55A500F682C1 /* Assets.xcassets in Resources */,
				7C57CFB325ED559F00F682C1 /* Main.storyboard in Resources */,
			);
			runOnlyForDeploymentPostprocessing = 0;
		};
/* End PBXResourcesBuildPhase section */

/* Begin PBXSourcesBuildPhase section */
		7C57CFA425ED559F00F682C1 /* Sources */ = {
			isa = PBXSourcesBuildPhase;
			buildActionMask = 2147483647;
			files = (
				7C14915026B715AC005C6B06 /* Company.swift in Sources */,
				7C57CFAC25ED559F00F682C1 /* AppDelegate.swift in Sources */,
				7C57CFAE25ED559F00F682C1 /* SceneDelegate.swift in Sources */,
				7C2E42A126B8399B0057DFB3 /* NetworkManager.swift in Sources */,
				7C8E5F9E274055D300484278 /* CompanyDetailsViewController.swift in Sources */,
				7C5C30EB25EEA91F008333EB /* CompanyListViewController.swift in Sources */,
				7C8E5F99273ED8B900484278 /* Constants.swift in Sources */,
				7C8E5FA327427D3100484278 /* MapViewController.swift in Sources */,
			);
			runOnlyForDeploymentPostprocessing = 0;
		};
/* End PBXSourcesBuildPhase section */

/* Begin PBXVariantGroup section */
		7C57CFB125ED559F00F682C1 /* Main.storyboard */ = {
			isa = PBXVariantGroup;
			children = (
				7C57CFB225ED559F00F682C1 /* Base */,
			);
			name = Main.storyboard;
			sourceTree = "<group>";
		};
		7C57CFB625ED55A500F682C1 /* LaunchScreen.storyboard */ = {
			isa = PBXVariantGroup;
			children = (
				7C57CFB725ED55A500F682C1 /* Base */,
			);
			name = LaunchScreen.storyboard;
			sourceTree = "<group>";
		};
/* End PBXVariantGroup section */

/* Begin XCBuildConfiguration section */
		7C57CFBA25ED55A500F682C1 /* Debug */ = {
			isa = XCBuildConfiguration;
			buildSettings = {
				ALWAYS_SEARCH_USER_PATHS = NO;
				CLANG_ANALYZER_NONNULL = YES;
				CLANG_ANALYZER_NUMBER_OBJECT_CONVERSION = YES_AGGRESSIVE;
				CLANG_CXX_LANGUAGE_STANDARD = "gnu++14";
				CLANG_CXX_LIBRARY = "libc++";
				CLANG_ENABLE_MODULES = YES;
				CLANG_ENABLE_OBJC_ARC = YES;
				CLANG_ENABLE_OBJC_WEAK = YES;
				CLANG_WARN_BLOCK_CAPTURE_AUTORELEASING = YES;
				CLANG_WARN_BOOL_CONVERSION = YES;
				CLANG_WARN_COMMA = YES;
				CLANG_WARN_CONSTANT_CONVERSION = YES;
				CLANG_WARN_DEPRECATED_OBJC_IMPLEMENTATIONS = YES;
				CLANG_WARN_DIRECT_OBJC_ISA_USAGE = YES_ERROR;
				CLANG_WARN_DOCUMENTATION_COMMENTS = YES;
				CLANG_WARN_EMPTY_BODY = YES;
				CLANG_WARN_ENUM_CONVERSION = YES;
				CLANG_WARN_INFINITE_RECURSION = YES;
				CLANG_WARN_INT_CONVERSION = YES;
				CLANG_WARN_NON_LITERAL_NULL_CONVERSION = YES;
				CLANG_WARN_OBJC_IMPLICIT_RETAIN_SELF = YES;
				CLANG_WARN_OBJC_LITERAL_CONVERSION = YES;
				CLANG_WARN_OBJC_ROOT_CLASS = YES_ERROR;
				CLANG_WARN_QUOTED_INCLUDE_IN_FRAMEWORK_HEADER = YES;
				CLANG_WARN_RANGE_LOOP_ANALYSIS = YES;
				CLANG_WARN_STRICT_PROTOTYPES = YES;
				CLANG_WARN_SUSPICIOUS_MOVE = YES;
				CLANG_WARN_UNGUARDED_AVAILABILITY = YES_AGGRESSIVE;
				CLANG_WARN_UNREACHABLE_CODE = YES;
				CLANG_WARN__DUPLICATE_METHOD_MATCH = YES;
				COPY_PHASE_STRIP = NO;
				DEBUG_INFORMATION_FORMAT = dwarf;
				ENABLE_STRICT_OBJC_MSGSEND = YES;
				ENABLE_TESTABILITY = YES;
				GCC_C_LANGUAGE_STANDARD = gnu11;
				GCC_DYNAMIC_NO_PIC = NO;
				GCC_NO_COMMON_BLOCKS = YES;
				GCC_OPTIMIZATION_LEVEL = 0;
				GCC_PREPROCESSOR_DEFINITIONS = (
					"DEBUG=1",
					"$(inherited)",
				);
				GCC_WARN_64_TO_32_BIT_CONVERSION = YES;
				GCC_WARN_ABOUT_RETURN_TYPE = YES_ERROR;
				GCC_WARN_UNDECLARED_SELECTOR = YES;
				GCC_WARN_UNINITIALIZED_AUTOS = YES_AGGRESSIVE;
				GCC_WARN_UNUSED_FUNCTION = YES;
				GCC_WARN_UNUSED_VARIABLE = YES;
				IPHONEOS_DEPLOYMENT_TARGET = 14.4;
				MTL_ENABLE_DEBUG_INFO = INCLUDE_SOURCE;
				MTL_FAST_MATH = YES;
				ONLY_ACTIVE_ARCH = YES;
				SDKROOT = iphoneos;
				SWIFT_ACTIVE_COMPILATION_CONDITIONS = DEBUG;
				SWIFT_OPTIMIZATION_LEVEL = "-Onone";
			};
			name = Debug;
		};
		7C57CFBB25ED55A500F682C1 /* Release */ = {
			isa = XCBuildConfiguration;
			buildSettings = {
				ALWAYS_SEARCH_USER_PATHS = NO;
				CLANG_ANALYZER_NONNULL = YES;
				CLANG_ANALYZER_NUMBER_OBJECT_CONVERSION = YES_AGGRESSIVE;
				CLANG_CXX_LANGUAGE_STANDARD = "gnu++14";
				CLANG_CXX_LIBRARY = "libc++";
				CLANG_ENABLE_MODULES = YES;
				CLANG_ENABLE_OBJC_ARC = YES;
				CLANG_ENABLE_OBJC_WEAK = YES;
				CLANG_WARN_BLOCK_CAPTURE_AUTORELEASING = YES;
				CLANG_WARN_BOOL_CONVERSION = YES;
				CLANG_WARN_COMMA = YES;
				CLANG_WARN_CONSTANT_CONVERSION = YES;
				CLANG_WARN_DEPRECATED_OBJC_IMPLEMENTATIONS = YES;
				CLANG_WARN_DIRECT_OBJC_ISA_USAGE = YES_ERROR;
				CLANG_WARN_DOCUMENTATION_COMMENTS = YES;
				CLANG_WARN_EMPTY_BODY = YES;
				CLANG_WARN_ENUM_CONVERSION = YES;
				CLANG_WARN_INFINITE_RECURSION = YES;
				CLANG_WARN_INT_CONVERSION = YES;
				CLANG_WARN_NON_LITERAL_NULL_CONVERSION = YES;
				CLANG_WARN_OBJC_IMPLICIT_RETAIN_SELF = YES;
				CLANG_WARN_OBJC_LITERAL_CONVERSION = YES;
				CLANG_WARN_OBJC_ROOT_CLASS = YES_ERROR;
				CLANG_WARN_QUOTED_INCLUDE_IN_FRAMEWORK_HEADER = YES;
				CLANG_WARN_RANGE_LOOP_ANALYSIS = YES;
				CLANG_WARN_STRICT_PROTOTYPES = YES;
				CLANG_WARN_SUSPICIOUS_MOVE = YES;
				CLANG_WARN_UNGUARDED_AVAILABILITY = YES_AGGRESSIVE;
				CLANG_WARN_UNREACHABLE_CODE = YES;
				CLANG_WARN__DUPLICATE_METHOD_MATCH = YES;
				COPY_PHASE_STRIP = NO;
				DEBUG_INFORMATION_FORMAT = "dwarf-with-dsym";
				ENABLE_NS_ASSERTIONS = NO;
				ENABLE_STRICT_OBJC_MSGSEND = YES;
				GCC_C_LANGUAGE_STANDARD = gnu11;
				GCC_NO_COMMON_BLOCKS = YES;
				GCC_WARN_64_TO_32_BIT_CONVERSION = YES;
				GCC_WARN_ABOUT_RETURN_TYPE = YES_ERROR;
				GCC_WARN_UNDECLARED_SELECTOR = YES;
				GCC_WARN_UNINITIALIZED_AUTOS = YES_AGGRESSIVE;
				GCC_WARN_UNUSED_FUNCTION = YES;
				GCC_WARN_UNUSED_VARIABLE = YES;
				IPHONEOS_DEPLOYMENT_TARGET = 14.4;
				MTL_ENABLE_DEBUG_INFO = NO;
				MTL_FAST_MATH = YES;
				SDKROOT = iphoneos;
				SWIFT_COMPILATION_MODE = wholemodule;
				SWIFT_OPTIMIZATION_LEVEL = "-O";
				VALIDATE_PRODUCT = YES;
			};
			name = Release;
		};
		7C57CFBD25ED55A500F682C1 /* Debug */ = {
			isa = XCBuildConfiguration;
			buildSettings = {
				ASSETCATALOG_COMPILER_APPICON_NAME = AppIcon;
				ASSETCATALOG_COMPILER_GLOBAL_ACCENT_COLOR_NAME = AccentColor;
				CODE_SIGN_STYLE = Automatic;
				DEVELOPMENT_TEAM = PQYEDNAEEG;
				INFOPLIST_FILE = ProfileApp/Info.plist;
				LD_RUNPATH_SEARCH_PATHS = (
					"$(inherited)",
					"@executable_path/Frameworks",
				);
				PRODUCT_BUNDLE_IDENTIFIER = S.Kornev.ProfileApp;
				PRODUCT_NAME = "$(TARGET_NAME)";
				SWIFT_VERSION = 5.0;
				TARGETED_DEVICE_FAMILY = 1;
			};
			name = Debug;
		};
		7C57CFBE25ED55A500F682C1 /* Release */ = {
			isa = XCBuildConfiguration;
			buildSettings = {
				ASSETCATALOG_COMPILER_APPICON_NAME = AppIcon;
				ASSETCATALOG_COMPILER_GLOBAL_ACCENT_COLOR_NAME = AccentColor;
				CODE_SIGN_STYLE = Automatic;
				DEVELOPMENT_TEAM = PQYEDNAEEG;
				INFOPLIST_FILE = ProfileApp/Info.plist;
				LD_RUNPATH_SEARCH_PATHS = (
					"$(inherited)",
					"@executable_path/Frameworks",
				);
				PRODUCT_BUNDLE_IDENTIFIER = S.Kornev.ProfileApp;
				PRODUCT_NAME = "$(TARGET_NAME)";
				SWIFT_VERSION = 5.0;
				TARGETED_DEVICE_FAMILY = 1;
			};
			name = Release;
		};
/* End XCBuildConfiguration section */

/* Begin XCConfigurationList section */
		7C57CFA325ED559F00F682C1 /* Build configuration list for PBXProject "ProfileApp" */ = {
			isa = XCConfigurationList;
			buildConfigurations = (
				7C57CFBA25ED55A500F682C1 /* Debug */,
				7C57CFBB25ED55A500F682C1 /* Release */,
			);
			defaultConfigurationIsVisible = 0;
			defaultConfigurationName = Release;
		};
		7C57CFBC25ED55A500F682C1 /* Build configuration list for PBXNativeTarget "ProfileApp" */ = {
			isa = XCConfigurationList;
			buildConfigurations = (
				7C57CFBD25ED55A500F682C1 /* Debug */,
				7C57CFBE25ED55A500F682C1 /* Release */,
			);
			defaultConfigurationIsVisible = 0;
			defaultConfigurationName = Release;
		};
/* End XCConfigurationList section */
	};
	rootObject = 7C57CFA025ED559F00F682C1 /* Project object */;
}
